
Microsoft Visual Studio Solution File, Format Version 12.00
# Visual Studio Version 17
VisualStudioVersion = 17.12.35506.116
MinimumVisualStudioVersion = 10.0.40219.1
Project("{FAE04EC0-301F-11D3-BF4B-00C04F79EFBC}") = "InterfaceDB", "InterfaceDB\InterfaceDB.csproj", "{F7552DC5-AE12-4F95-96A6-CB965DD08D49}"
EndProject
Global
	GlobalSection(SolutionConfigurationPlatforms) = preSolution
		Debug|Any CPU = Debug|Any CPU
		Release|Any CPU = Release|Any CPU
	EndGlobalSection
	GlobalSection(ProjectConfigurationPlatforms) = postSolution
		{F7552DC5-AE12-4F95-96A6-CB965DD08D49}.Debug|Any CPU.ActiveCfg = Debug|Any CPU
		{F7552DC5-AE12-4F95-96A6-CB965DD08D49}.Debug|Any CPU.Build.0 = Debug|Any CPU
		{F7552DC5-AE12-4F95-96A6-CB965DD08D49}.Release|Any CPU.ActiveCfg = Release|Any CPU
		{F7552DC5-AE12-4F95-96A6-CB965DD08D49}.Release|Any CPU.Build.0 = Release|Any CPU
	EndGlobalSection
	GlobalSection(SolutionProperties) = preSolution
		HideSolutionNode = FALSE
	EndGlobalSection
	GlobalSection(ExtensibilityGlobals) = postSolution
		SolutionGuid = {BB042CD0-296C-4B4A-9428-B3933E747361}
	EndGlobalSection
EndGlobal
